
Microsoft Visual Studio Solution File, Format Version 12.00
# Visual Studio Version 17
VisualStudioVersion = 17.4.33122.133
MinimumVisualStudioVersion = 10.0.40219.1
Project("{FAE04EC0-301F-11D3-BF4B-00C04F79EFBC}") = "MethodAssi4", "MethodAssi4\MethodAssi4.csproj", "{C210EBD2-5D44-4A0C-B3B8-DE64D6FC128F}"
EndProject
Global
	GlobalSection(SolutionConfigurationPlatforms) = preSolution
		Debug|Any CPU = Debug|Any CPU
		Release|Any CPU = Release|Any CPU
	EndGlobalSection
	GlobalSection(ProjectConfigurationPlatforms) = postSolution
		{C210EBD2-5D44-4A0C-B3B8-DE64D6FC128F}.Debug|Any CPU.ActiveCfg = Debug|Any CPU
		{C210EBD2-5D44-4A0C-B3B8-DE64D6FC128F}.Debug|Any CPU.Build.0 = Debug|Any CPU
		{C210EBD2-5D44-4A0C-B3B8-DE64D6FC128F}.Release|Any CPU.ActiveCfg = Release|Any CPU
		{C210EBD2-5D44-4A0C-B3B8-DE64D6FC128F}.Release|Any CPU.Build.0 = Release|Any CPU
	EndGlobalSection
	GlobalSection(SolutionProperties) = preSolution
		HideSolutionNode = FALSE
	EndGlobalSection
	GlobalSection(ExtensibilityGlobals) = postSolution
		SolutionGuid = {D818BE20-3ED0-4ABA-8CA5-FCADFD1CF8A3}
	EndGlobalSection
EndGlobal
