
Microsoft Visual Studio Solution File, Format Version 12.00
# Visual Studio Version 17
VisualStudioVersion = 17.4.33122.133
MinimumVisualStudioVersion = 10.0.40219.1
Project("{FAE04EC0-301F-11D3-BF4B-00C04F79EFBC}") = "AddOneStudent", "AddOneStudent\AddOneStudent.csproj", "{9CF27949-4E7A-491D-8C1B-4404E9CF3239}"
EndProject
Global
	GlobalSection(SolutionConfigurationPlatforms) = preSolution
		Debug|Any CPU = Debug|Any CPU
		Release|Any CPU = Release|Any CPU
	EndGlobalSection
	GlobalSection(ProjectConfigurationPlatforms) = postSolution
		{9CF27949-4E7A-491D-8C1B-4404E9CF3239}.Debug|Any CPU.ActiveCfg = Debug|Any CPU
		{9CF27949-4E7A-491D-8C1B-4404E9CF3239}.Debug|Any CPU.Build.0 = Debug|Any CPU
		{9CF27949-4E7A-491D-8C1B-4404E9CF3239}.Release|Any CPU.ActiveCfg = Release|Any CPU
		{9CF27949-4E7A-491D-8C1B-4404E9CF3239}.Release|Any CPU.Build.0 = Release|Any CPU
	EndGlobalSection
	GlobalSection(SolutionProperties) = preSolution
		HideSolutionNode = FALSE
	EndGlobalSection
	GlobalSection(ExtensibilityGlobals) = postSolution
		SolutionGuid = {F846CE94-6965-4BB9-BEC7-E0F0D220B59B}
	EndGlobalSection
EndGlobal
