
Microsoft Visual Studio Solution File, Format Version 12.00
# Visual Studio Version 17
VisualStudioVersion = 17.3.32825.248
MinimumVisualStudioVersion = 10.0.40219.1
Project("{FAE04EC0-301F-11D3-BF4B-00C04F79EFBC}") = "TryCatchApp", "TryCatchApp\TryCatchApp.csproj", "{A5747EEB-6A0D-42FE-A115-FB2E60BF09DC}"
EndProject
Global
	GlobalSection(SolutionConfigurationPlatforms) = preSolution
		Debug|Any CPU = Debug|Any CPU
		Release|Any CPU = Release|Any CPU
	EndGlobalSection
	GlobalSection(ProjectConfigurationPlatforms) = postSolution
		{A5747EEB-6A0D-42FE-A115-FB2E60BF09DC}.Debug|Any CPU.ActiveCfg = Debug|Any CPU
		{A5747EEB-6A0D-42FE-A115-FB2E60BF09DC}.Debug|Any CPU.Build.0 = Debug|Any CPU
		{A5747EEB-6A0D-42FE-A115-FB2E60BF09DC}.Release|Any CPU.ActiveCfg = Release|Any CPU
		{A5747EEB-6A0D-42FE-A115-FB2E60BF09DC}.Release|Any CPU.Build.0 = Release|Any CPU
	EndGlobalSection
	GlobalSection(SolutionProperties) = preSolution
		HideSolutionNode = FALSE
	EndGlobalSection
	GlobalSection(ExtensibilityGlobals) = postSolution
		SolutionGuid = {2B8DE58A-1D43-4120-B3F9-06923BADECFF}
	EndGlobalSection
EndGlobal
