
Microsoft Visual Studio Solution File, Format Version 12.00
# Visual Studio Version 17
VisualStudioVersion = 17.3.32825.248
MinimumVisualStudioVersion = 10.0.40219.1
Project("{FAE04EC0-301F-11D3-BF4B-00C04F79EFBC}") = "ElseIfStatementsApp", "ElseIfStatementsApp\ElseIfStatementsApp.csproj", "{2AD20757-A706-4F01-870A-6AB6315190DF}"
EndProject
Global
	GlobalSection(SolutionConfigurationPlatforms) = preSolution
		Debug|Any CPU = Debug|Any CPU
		Release|Any CPU = Release|Any CPU
	EndGlobalSection
	GlobalSection(ProjectConfigurationPlatforms) = postSolution
		{2AD20757-A706-4F01-870A-6AB6315190DF}.Debug|Any CPU.ActiveCfg = Debug|Any CPU
		{2AD20757-A706-4F01-870A-6AB6315190DF}.Debug|Any CPU.Build.0 = Debug|Any CPU
		{2AD20757-A706-4F01-870A-6AB6315190DF}.Release|Any CPU.ActiveCfg = Release|Any CPU
		{2AD20757-A706-4F01-870A-6AB6315190DF}.Release|Any CPU.Build.0 = Release|Any CPU
	EndGlobalSection
	GlobalSection(SolutionProperties) = preSolution
		HideSolutionNode = FALSE
	EndGlobalSection
	GlobalSection(ExtensibilityGlobals) = postSolution
		SolutionGuid = {D38EFF66-572D-4EDB-BB92-6D49725FC789}
	EndGlobalSection
EndGlobal
